// !$*UTF8*$!
{
	archiveVersion = 1;
	classes = {
	};
	objectVersion = 48;
	objects = {

/* Begin PBXBuildFile section */
		C549F7F22026682D00F2E21A /* AppDelegate.swift in Sources */ = {isa = PBXBuildFile; fileRef = C549F7F12026682D00F2E21A /* AppDelegate.swift */; };
		C549F7F42026682D00F2E21A /* ViewController.swift in Sources */ = {isa = PBXBuildFile; fileRef = C549F7F32026682D00F2E21A /* ViewController.swift */; };
		C549F7F72026682D00F2E21A /* Main.storyboard in Resources */ = {isa = PBXBuildFile; fileRef = C549F7F52026682D00F2E21A /* Main.storyboard */; };
		C549F7F92026682D00F2E21A /* Assets.xcassets in Resources */ = {isa = PBXBuildFile; fileRef = C549F7F82026682D00F2E21A /* Assets.xcassets */; };
		C549F7FC2026682D00F2E21A /* LaunchScreen.storyboard in Resources */ = {isa = PBXBuildFile; fileRef = C549F7FA2026682D00F2E21A /* LaunchScreen.storyboard */; };
		C549F8072026682D00F2E21A /* PhotoGalleryDemoTests.swift in Sources */ = {isa = PBXBuildFile; fileRef = C549F8062026682D00F2E21A /* PhotoGalleryDemoTests.swift */; };
/* End PBXBuildFile section */

/* Begin PBXContainerItemProxy section */
		C549F8032026682D00F2E21A /* PBXContainerItemProxy */ = {
			isa = PBXContainerItemProxy;
			containerPortal = C549F7E62026682D00F2E21A /* Project object */;
			proxyType = 1;
			remoteGlobalIDString = C549F7ED2026682D00F2E21A;
			remoteInfo = PhotoGalleryDemo;
		};
/* End PBXContainerItemProxy section */

/* Begin PBXFileReference section */
		C549F7EE2026682D00F2E21A /* PhotoGalleryDemo.app */ = {isa = PBXFileReference; explicitFileType = wrapper.application; includeInIndex = 0; path = PhotoGalleryDemo.app; sourceTree = BUILT_PRODUCTS_DIR; };
		C549F7F12026682D00F2E21A /* AppDelegate.swift */ = {isa = PBXFileReference; lastKnownFileType = sourcecode.swift; path = AppDelegate.swift; sourceTree = "<group>"; };
		C549F7F32026682D00F2E21A /* ViewController.swift */ = {isa = PBXFileReference; lastKnownFileType = sourcecode.swift; path = ViewController.swift; sourceTree = "<group>"; };
		C549F7F62026682D00F2E21A /* Base */ = {isa = PBXFileReference; lastKnownFileType = file.storyboard; name = Base; path = Base.lproj/Main.storyboard; sourceTree = "<group>"; };
		C549F7F82026682D00F2E21A /* Assets.xcassets */ = {isa = PBXFileReference; lastKnownFileType = folder.assetcatalog; path = Assets.xcassets; sourceTree = "<group>"; };
		C549F7FB2026682D00F2E21A /* Base */ = {isa = PBXFileReference; lastKnownFileType = file.storyboard; name = Base; path = Base.lproj/LaunchScreen.storyboard; sourceTree = "<group>"; };
		C549F7FD2026682D00F2E21A /* Info.plist */ = {isa = PBXFileReference; lastKnownFileType = text.plist.xml; path = Info.plist; sourceTree = "<group>"; };
		C549F8022026682D00F2E21A /* PhotoGalleryDemoTests.xctest */ = {isa = PBXFileReference; explicitFileType = wrapper.cfbundle; includeInIndex = 0; path = PhotoGalleryDemoTests.xctest; sourceTree = BUILT_PRODUCTS_DIR; };
		C549F8062026682D00F2E21A /* PhotoGalleryDemoTests.swift */ = {isa = PBXFileReference; lastKnownFileType = sourcecode.swift; path = PhotoGalleryDemoTests.swift; sourceTree = "<group>"; };
		C549F8082026682D00F2E21A /* Info.plist */ = {isa = PBXFileReference; lastKnownFileType = text.plist.xml; path = Info.plist; sourceTree = "<group>"; };
/* End PBXFileReference section */

/* Begin PBXFrameworksBuildPhase section */
		C549F7EB2026682D00F2E21A /* Frameworks */ = {
			isa = PBXFrameworksBuildPhase;
			buildActionMask = 2147483647;
			files = (
			);
			runOnlyForDeploymentPostprocessing = 0;
		};
		C549F7FF2026682D00F2E21A /* Frameworks */ = {
			isa = PBXFrameworksBuildPhase;
			buildActionMask = 2147483647;
			files = (
			);
			runOnlyForDeploymentPostprocessing = 0;
		};
/* End PBXFrameworksBuildPhase section */

/* Begin PBXGroup section */
		C549F7E52026682D00F2E21A = {
			isa = PBXGroup;
			children = (
				C549F7F02026682D00F2E21A /* PhotoGalleryDemo */,
				C549F8052026682D00F2E21A /* PhotoGalleryDemoTests */,
				C549F7EF2026682D00F2E21A /* Products */,
			);
			sourceTree = "<group>";
		};
		C549F7EF2026682D00F2E21A /* Products */ = {
			isa = PBXGroup;
			children = (
				C549F7EE2026682D00F2E21A /* PhotoGalleryDemo.app */,
				C549F8022026682D00F2E21A /* PhotoGalleryDemoTests.xctest */,
			);
			name = Products;
			sourceTree = "<group>";
		};
		C549F7F02026682D00F2E21A /* PhotoGalleryDemo */ = {
			isa = PBXGroup;
			children = (
				C549F7F12026682D00F2E21A /* AppDelegate.swift */,
				C549F7F32026682D00F2E21A /* ViewController.swift */,
				C549F7F52026682D00F2E21A /* Main.storyboard */,
				C549F7F82026682D00F2E21A /* Assets.xcassets */,
				C549F7FA2026682D00F2E21A /* LaunchScreen.storyboard */,
				C549F7FD2026682D00F2E21A /* Info.plist */,
			);
			path = PhotoGalleryDemo;
			sourceTree = "<group>";
		};
		C549F8052026682D00F2E21A /* PhotoGalleryDemoTests */ = {
			isa = PBXGroup;
			children = (
				C549F8062026682D00F2E21A /* PhotoGalleryDemoTests.swift */,
				C549F8082026682D00F2E21A /* Info.plist */,
			);
			path = PhotoGalleryDemoTests;
			sourceTree = "<group>";
		};
/* End PBXGroup section */

/* Begin PBXNativeTarget section */
		C549F7ED2026682D00F2E21A /* PhotoGalleryDemo */ = {
			isa = PBXNativeTarget;
			buildConfigurationList = C549F80B2026682E00F2E21A /* Build configuration list for PBXNativeTarget "PhotoGalleryDemo" */;
			buildPhases = (
				C549F7EA2026682D00F2E21A /* Sources */,
				C549F7EB2026682D00F2E21A /* Frameworks */,
				C549F7EC2026682D00F2E21A /* Resources */,
			);
			buildRules = (
			);
			dependencies = (
			);
			name = PhotoGalleryDemo;
			productName = PhotoGalleryDemo;
			productReference = C549F7EE2026682D00F2E21A /* PhotoGalleryDemo.app */;
			productType = "com.apple.product-type.application";
		};
		C549F8012026682D00F2E21A /* PhotoGalleryDemoTests */ = {
			isa = PBXNativeTarget;
			buildConfigurationList = C549F80E2026682E00F2E21A /* Build configuration list for PBXNativeTarget "PhotoGalleryDemoTests" */;
			buildPhases = (
				C549F7FE2026682D00F2E21A /* Sources */,
				C549F7FF2026682D00F2E21A /* Frameworks */,
				C549F8002026682D00F2E21A /* Resources */,
			);
			buildRules = (
			);
			dependencies = (
				C549F8042026682D00F2E21A /* PBXTargetDependency */,
			);
			name = PhotoGalleryDemoTests;
			productName = PhotoGalleryDemoTests;
			productReference = C549F8022026682D00F2E21A /* PhotoGalleryDemoTests.xctest */;
			productType = "com.apple.product-type.bundle.unit-test";
		};
/* End PBXNativeTarget section */

/* Begin PBXProject section */
		C549F7E62026682D00F2E21A /* Project object */ = {
			isa = PBXProject;
			attributes = {
				LastSwiftUpdateCheck = 0920;
				LastUpgradeCheck = 0920;
				ORGANIZATIONNAME = "Eiji Kushida";
				TargetAttributes = {
					C549F7ED2026682D00F2E21A = {
						CreatedOnToolsVersion = 9.2;
						ProvisioningStyle = Automatic;
					};
					C549F8012026682D00F2E21A = {
						CreatedOnToolsVersion = 9.2;
						ProvisioningStyle = Automatic;
						TestTargetID = C549F7ED2026682D00F2E21A;
					};
				};
			};
			buildConfigurationList = C549F7E92026682D00F2E21A /* Build configuration list for PBXProject "PhotoGalleryDemo" */;
			compatibilityVersion = "Xcode 8.0";
			developmentRegion = en;
			hasScannedForEncodings = 0;
			knownRegions = (
				en,
				Base,
			);
			mainGroup = C549F7E52026682D00F2E21A;
			productRefGroup = C549F7EF2026682D00F2E21A /* Products */;
			projectDirPath = "";
			projectRoot = "";
			targets = (
				C549F7ED2026682D00F2E21A /* PhotoGalleryDemo */,
				C549F8012026682D00F2E21A /* PhotoGalleryDemoTests */,
			);
		};
/* End PBXProject section */

/* Begin PBXResourcesBuildPhase section */
		C549F7EC2026682D00F2E21A /* Resources */ = {
			isa = PBXResourcesBuildPhase;
			buildActionMask = 2147483647;
			files = (
				C549F7FC2026682D00F2E21A /* LaunchScreen.storyboard in Resources */,
				C549F7F92026682D00F2E21A /* Assets.xcassets in Resources */,
				C549F7F72026682D00F2E21A /* Main.storyboard in Resources */,
			);
			runOnlyForDeploymentPostprocessing = 0;
		};
		C549F8002026682D00F2E21A /* Resources */ = {
			isa = PBXResourcesBuildPhase;
			buildActionMask = 2147483647;
			files = (
			);
			runOnlyForDeploymentPostprocessing = 0;
		};
/* End PBXResourcesBuildPhase section */

/* Begin PBXSourcesBuildPhase section */
		C549F7EA2026682D00F2E21A /* Sources */ = {
			isa = PBXSourcesBuildPhase;
			buildActionMask = 2147483647;
			files = (
				C549F7F42026682D00F2E21A /* ViewController.swift in Sources */,
				C549F7F22026682D00F2E21A /* AppDelegate.swift in Sources */,
			);
			runOnlyForDeploymentPostprocessing = 0;
		};
		C549F7FE2026682D00F2E21A /* Sources */ = {
			isa = PBXSourcesBuildPhase;
			buildActionMask = 2147483647;
			files = (
				C549F8072026682D00F2E21A /* PhotoGalleryDemoTests.swift in Sources */,
			);
			runOnlyForDeploymentPostprocessing = 0;
		};
/* End PBXSourcesBuildPhase section */

/* Begin PBXTargetDependency section */
		C549F8042026682D00F2E21A /* PBXTargetDependency */ = {
			isa = PBXTargetDependency;
			target = C549F7ED2026682D00F2E21A /* PhotoGalleryDemo */;
			targetProxy = C549F8032026682D00F2E21A /* PBXContainerItemProxy */;
		};
/* End PBXTargetDependency section */

/* Begin PBXVariantGroup section */
		C549F7F52026682D00F2E21A /* Main.storyboard */ = {
			isa = PBXVariantGroup;
			children = (
				C549F7F62026682D00F2E21A /* Base */,
			);
			name = Main.storyboard;
			sourceTree = "<group>";
		};
		C549F7FA2026682D00F2E21A /* LaunchScreen.storyboard */ = {
			isa = PBXVariantGroup;
			children = (
				C549F7FB2026682D00F2E21A /* Base */,
			);
			name = LaunchScreen.storyboard;
			sourceTree = "<group>";
		};
/* End PBXVariantGroup section */

/* Begin XCBuildConfiguration section */
		C549F8092026682E00F2E21A /* Debug */ = {
			isa = XCBuildConfiguration;
			buildSettings = {
				ALWAYS_SEARCH_USER_PATHS = NO;
				CLANG_ANALYZER_NONNULL = YES;
				CLANG_ANALYZER_NUMBER_OBJECT_CONVERSION = YES_AGGRESSIVE;
				CLANG_CXX_LANGUAGE_STANDARD = "gnu++14";
				CLANG_CXX_LIBRARY = "libc++";
				CLANG_ENABLE_MODULES = YES;
				CLANG_ENABLE_OBJC_ARC = YES;
				CLANG_WARN_BLOCK_CAPTURE_AUTORELEASING = YES;
				CLANG_WARN_BOOL_CONVERSION = YES;
				CLANG_WARN_COMMA = YES;
				CLANG_WARN_CONSTANT_CONVERSION = YES;
				CLANG_WARN_DIRECT_OBJC_ISA_USAGE = YES_ERROR;
				CLANG_WARN_DOCUMENTATION_COMMENTS = YES;
				CLANG_WARN_EMPTY_BODY = YES;
				CLANG_WARN_ENUM_CONVERSION = YES;
				CLANG_WARN_INFINITE_RECURSION = YES;
				CLANG_WARN_INT_CONVERSION = YES;
				CLANG_WARN_NON_LITERAL_NULL_CONVERSION = YES;
				CLANG_WARN_OBJC_LITERAL_CONVERSION = YES;
				CLANG_WARN_OBJC_ROOT_CLASS = YES_ERROR;
				CLANG_WARN_RANGE_LOOP_ANALYSIS = YES;
				CLANG_WARN_STRICT_PROTOTYPES = YES;
				CLANG_WARN_SUSPICIOUS_MOVE = YES;
				CLANG_WARN_UNGUARDED_AVAILABILITY = YES_AGGRESSIVE;
				CLANG_WARN_UNREACHABLE_CODE = YES;
				CLANG_WARN__DUPLICATE_METHOD_MATCH = YES;
				CODE_SIGN_IDENTITY = "iPhone Developer";
				COPY_PHASE_STRIP = NO;
				DEBUG_INFORMATION_FORMAT = dwarf;
				ENABLE_STRICT_OBJC_MSGSEND = YES;
				ENABLE_TESTABILITY = YES;
				GCC_C_LANGUAGE_STANDARD = gnu11;
				GCC_DYNAMIC_NO_PIC = NO;
				GCC_NO_COMMON_BLOCKS = YES;
				GCC_OPTIMIZATION_LEVEL = 0;
				GCC_PREPROCESSOR_DEFINITIONS = (
					"DEBUG=1",
					"$(inherited)",
				);
				GCC_WARN_64_TO_32_BIT_CONVERSION = YES;
				GCC_WARN_ABOUT_RETURN_TYPE = YES_ERROR;
				GCC_WARN_UNDECLARED_SELECTOR = YES;
				GCC_WARN_UNINITIALIZED_AUTOS = YES_AGGRESSIVE;
				GCC_WARN_UNUSED_FUNCTION = YES;
				GCC_WARN_UNUSED_VARIABLE = YES;
				IPHONEOS_DEPLOYMENT_TARGET = 11.2;
				MTL_ENABLE_DEBUG_INFO = YES;
				ONLY_ACTIVE_ARCH = YES;
				SDKROOT = iphoneos;
				SWIFT_ACTIVE_COMPILATION_CONDITIONS = DEBUG;
				SWIFT_OPTIMIZATION_LEVEL = "-Onone";
			};
			name = Debug;
		};
		C549F80A2026682E00F2E21A /* Release */ = {
			isa = XCBuildConfiguration;
			buildSettings = {
				ALWAYS_SEARCH_USER_PATHS = NO;
				CLANG_ANALYZER_NONNULL = YES;
				CLANG_ANALYZER_NUMBER_OBJECT_CONVERSION = YES_AGGRESSIVE;
				CLANG_CXX_LANGUAGE_STANDARD = "gnu++14";
				CLANG_CXX_LIBRARY = "libc++";
				CLANG_ENABLE_MODULES = YES;
				CLANG_ENABLE_OBJC_ARC = YES;
				CLANG_WARN_BLOCK_CAPTURE_AUTORELEASING = YES;
				CLANG_WARN_BOOL_CONVERSION = YES;
				CLANG_WARN_COMMA = YES;
				CLANG_WARN_CONSTANT_CONVERSION = YES;
				CLANG_WARN_DIRECT_OBJC_ISA_USAGE = YES_ERROR;
				CLANG_WARN_DOCUMENTATION_COMMENTS = YES;
				CLANG_WARN_EMPTY_BODY = YES;
				CLANG_WARN_ENUM_CONVERSION = YES;
				CLANG_WARN_INFINITE_RECURSION = YES;
				CLANG_WARN_INT_CONVERSION = YES;
				CLANG_WARN_NON_LITERAL_NULL_CONVERSION = YES;
				CLANG_WARN_OBJC_LITERAL_CONVERSION = YES;
				CLANG_WARN_OBJC_ROOT_CLASS = YES_ERROR;
				CLANG_WARN_RANGE_LOOP_ANALYSIS = YES;
				CLANG_WARN_STRICT_PROTOTYPES = YES;
				CLANG_WARN_SUSPICIOUS_MOVE = YES;
				CLANG_WARN_UNGUARDED_AVAILABILITY = YES_AGGRESSIVE;
				CLANG_WARN_UNREACHABLE_CODE = YES;
				CLANG_WARN__DUPLICATE_METHOD_MATCH = YES;
				CODE_SIGN_IDENTITY = "iPhone Developer";
				COPY_PHASE_STRIP = NO;
				DEBUG_INFORMATION_FORMAT = "dwarf-with-dsym";
				ENABLE_NS_ASSERTIONS = NO;
				ENABLE_STRICT_OBJC_MSGSEND = YES;
				GCC_C_LANGUAGE_STANDARD = gnu11;
				GCC_NO_COMMON_BLOCKS = YES;
				GCC_WARN_64_TO_32_BIT_CONVERSION = YES;
				GCC_WARN_ABOUT_RETURN_TYPE = YES_ERROR;
				GCC_WARN_UNDECLARED_SELECTOR = YES;
				GCC_WARN_UNINITIALIZED_AUTOS = YES_AGGRESSIVE;
				GCC_WARN_UNUSED_FUNCTION = YES;
				GCC_WARN_UNUSED_VARIABLE = YES;
				IPHONEOS_DEPLOYMENT_TARGET = 11.2;
				MTL_ENABLE_DEBUG_INFO = NO;
				SDKROOT = iphoneos;
				SWIFT_OPTIMIZATION_LEVEL = "-Owholemodule";
				VALIDATE_PRODUCT = YES;
			};
			name = Release;
		};
		C549F80C2026682E00F2E21A /* Debug */ = {
			isa = XCBuildConfiguration;
			buildSettings = {
				ASSETCATALOG_COMPILER_APPICON_NAME = AppIcon;
				CODE_SIGN_STYLE = Automatic;
				INFOPLIST_FILE = PhotoGalleryDemo/Info.plist;
				LD_RUNPATH_SEARCH_PATHS = "$(inherited) @executable_path/Frameworks";
				PRODUCT_BUNDLE_IDENTIFIER = "jp.st-ventures.PhotoGalleryDemo";
				PRODUCT_NAME = "$(TARGET_NAME)";
				SWIFT_VERSION = 4.0;
				TARGETED_DEVICE_FAMILY = "1,2";
			};
			name = Debug;
		};
		C549F80D2026682E00F2E21A /* Release */ = {
			isa = XCBuildConfiguration;
			buildSettings = {
				ASSETCATALOG_COMPILER_APPICON_NAME = AppIcon;
				CODE_SIGN_STYLE = Automatic;
				INFOPLIST_FILE = PhotoGalleryDemo/Info.plist;
				LD_RUNPATH_SEARCH_PATHS = "$(inherited) @executable_path/Frameworks";
				PRODUCT_BUNDLE_IDENTIFIER = "jp.st-ventures.PhotoGalleryDemo";
				PRODUCT_NAME = "$(TARGET_NAME)";
				SWIFT_VERSION = 4.0;
				TARGETED_DEVICE_FAMILY = "1,2";
			};
			name = Release;
		};
		C549F80F2026682E00F2E21A /* Debug */ = {
			isa = XCBuildConfiguration;
			buildSettings = {
				ALWAYS_EMBED_SWIFT_STANDARD_LIBRARIES = YES;
				BUNDLE_LOADER = "$(TEST_HOST)";
				CODE_SIGN_STYLE = Automatic;
				INFOPLIST_FILE = PhotoGalleryDemoTests/Info.plist;
				LD_RUNPATH_SEARCH_PATHS = "$(inherited) @executable_path/Frameworks @loader_path/Frameworks";
				PRODUCT_BUNDLE_IDENTIFIER = "jp.st-ventures.PhotoGalleryDemoTests";
				PRODUCT_NAME = "$(TARGET_NAME)";
				SWIFT_VERSION = 4.0;
				TARGETED_DEVICE_FAMILY = "1,2";
				TEST_HOST = "$(BUILT_PRODUCTS_DIR)/PhotoGalleryDemo.app/PhotoGalleryDemo";
			};
			name = Debug;
		};
		C549F8102026682E00F2E21A /* Release */ = {
			isa = XCBuildConfiguration;
			buildSettings = {
				ALWAYS_EMBED_SWIFT_STANDARD_LIBRARIES = YES;
				BUNDLE_LOADER = "$(TEST_HOST)";
				CODE_SIGN_STYLE = Automatic;
				INFOPLIST_FILE = PhotoGalleryDemoTests/Info.plist;
				LD_RUNPATH_SEARCH_PATHS = "$(inherited) @executable_path/Frameworks @loader_path/Frameworks";
				PRODUCT_BUNDLE_IDENTIFIER = "jp.st-ventures.PhotoGalleryDemoTests";
				PRODUCT_NAME = "$(TARGET_NAME)";
				SWIFT_VERSION = 4.0;
				TARGETED_DEVICE_FAMILY = "1,2";
				TEST_HOST = "$(BUILT_PRODUCTS_DIR)/PhotoGalleryDemo.app/PhotoGalleryDemo";
			};
			name = Release;
		};
/* End XCBuildConfiguration section */

/* Begin XCConfigurationList section */
		C549F7E92026682D00F2E21A /* Build configuration list for PBXProject "PhotoGalleryDemo" */ = {
			isa = XCConfigurationList;
			buildConfigurations = (
				C549F8092026682E00F2E21A /* Debug */,
				C549F80A2026682E00F2E21A /* Release */,
			);
			defaultConfigurationIsVisible = 0;
			defaultConfigurationName = Release;
		};
		C549F80B2026682E00F2E21A /* Build configuration list for PBXNativeTarget "PhotoGalleryDemo" */ = {
			isa = XCConfigurationList;
			buildConfigurations = (
				C549F80C2026682E00F2E21A /* Debug */,
				C549F80D2026682E00F2E21A /* Release */,
			);
			defaultConfigurationIsVisible = 0;
			defaultConfigurationName = Release;
		};
		C549F80E2026682E00F2E21A /* Build configuration list for PBXNativeTarget "PhotoGalleryDemoTests" */ = {
			isa = XCConfigurationList;
			buildConfigurations = (
				C549F80F2026682E00F2E21A /* Debug */,
				C549F8102026682E00F2E21A /* Release */,
			);
			defaultConfigurationIsVisible = 0;
			defaultConfigurationName = Release;
		};
/* End XCConfigurationList section */
	};
	rootObject = C549F7E62026682D00F2E21A /* Project object */;
}
